
Microsoft Visual Studio Solution File, Format Version 12.00
# Visual Studio Version 17
VisualStudioVersion = 17.7.34031.279
MinimumVisualStudioVersion = 10.0.40219.1
Project("{8BC9CEB8-8B4A-11D0-8D11-00A0C91BC942}") = "MyVulkan", "MyVulkan\MyVulkan.vcxproj", "{279A98FD-E065-4C50-8217-FA37DD4799A8}"
EndProject
Global
	GlobalSection(SolutionConfigurationPlatforms) = preSolution
		Debug|x64 = Debug|x64
		Debug|x86 = Debug|x86
		Release|x64 = Release|x64
		Release|x86 = Release|x86
	EndGlobalSection
	GlobalSection(ProjectConfigurationPlatforms) = postSolution
		{279A98FD-E065-4C50-8217-FA37DD4799A8}.Debug|x64.ActiveCfg = Debug|x64
		{279A98FD-E065-4C50-8217-FA37DD4799A8}.Debug|x64.Build.0 = Debug|x64
		{279A98FD-E065-4C50-8217-FA37DD4799A8}.Debug|x86.ActiveCfg = Debug|Win32
		{279A98FD-E065-4C50-8217-FA37DD4799A8}.Debug|x86.Build.0 = Debug|Win32
		{279A98FD-E065-4C50-8217-FA37DD4799A8}.Release|x64.ActiveCfg = Release|x64
		{279A98FD-E065-4C50-8217-FA37DD4799A8}.Release|x64.Build.0 = Release|x64
		{279A98FD-E065-4C50-8217-FA37DD4799A8}.Release|x86.ActiveCfg = Release|Win32
		{279A98FD-E065-4C50-8217-FA37DD4799A8}.Release|x86.Build.0 = Release|Win32
	EndGlobalSection
	GlobalSection(SolutionProperties) = preSolution
		HideSolutionNode = FALSE
	EndGlobalSection
	GlobalSection(ExtensibilityGlobals) = postSolution
		SolutionGuid = {C72BCCA6-A08D-4D84-8E33-8DA7C6581A3A}
	EndGlobalSection
EndGlobal
